
Microsoft Visual Studio Solution File, Format Version 12.00
Project("{FAE04EC0-301F-11D3-BF4B-00C04F79EFBC}") = "TelegramBot", "TelegramBot\TelegramBot.csproj", "{F4ADB436-EC95-4DE2-96F8-E121909928A1}"
EndProject
Global
	GlobalSection(SolutionConfigurationPlatforms) = preSolution
		Debug|Any CPU = Debug|Any CPU
		Release|Any CPU = Release|Any CPU
	EndGlobalSection
	GlobalSection(ProjectConfigurationPlatforms) = postSolution
		{F4ADB436-EC95-4DE2-96F8-E121909928A1}.Debug|Any CPU.ActiveCfg = Debug|Any CPU
		{F4ADB436-EC95-4DE2-96F8-E121909928A1}.Debug|Any CPU.Build.0 = Debug|Any CPU
		{F4ADB436-EC95-4DE2-96F8-E121909928A1}.Release|Any CPU.ActiveCfg = Release|Any CPU
		{F4ADB436-EC95-4DE2-96F8-E121909928A1}.Release|Any CPU.Build.0 = Release|Any CPU
	EndGlobalSection
EndGlobal
