
Microsoft Visual Studio Solution File, Format Version 12.00
# Visual Studio Version 16
VisualStudioVersion = 16.0.30413.136
MinimumVisualStudioVersion = 10.0.40219.1
Project("{9A19103F-16F7-4668-BE54-9A1E7A4F7556}") = "TelegramBot", "TelegramBot\TelegramBot.csproj", "{F4ADB436-EC95-4DE2-96F8-E121909928A1}"
EndProject
Project("{FAE04EC0-301F-11D3-BF4B-00C04F79EFBC}") = "3dArcheryApi", "..\3dArcheryApi\3dArcheryApi\3dArcheryApi.csproj", "{377FD858-F213-42DD-B2FE-62F5C553D945}"
EndProject
Project("{FAE04EC0-301F-11D3-BF4B-00C04F79EFBC}") = "3dArcheryRepos", "..\3dArcheryApi\3dArcheryRepos\3dArcheryRepos.csproj", "{16778C27-06FF-485A-BA08-8FF716318E3E}"
EndProject
Global
	GlobalSection(SolutionConfigurationPlatforms) = preSolution
		Debug|Any CPU = Debug|Any CPU
		Release|Any CPU = Release|Any CPU
	EndGlobalSection
	GlobalSection(ProjectConfigurationPlatforms) = postSolution
		{F4ADB436-EC95-4DE2-96F8-E121909928A1}.Debug|Any CPU.ActiveCfg = Debug|Any CPU
		{F4ADB436-EC95-4DE2-96F8-E121909928A1}.Debug|Any CPU.Build.0 = Debug|Any CPU
		{F4ADB436-EC95-4DE2-96F8-E121909928A1}.Release|Any CPU.ActiveCfg = Release|Any CPU
		{F4ADB436-EC95-4DE2-96F8-E121909928A1}.Release|Any CPU.Build.0 = Release|Any CPU
		{377FD858-F213-42DD-B2FE-62F5C553D945}.Debug|Any CPU.ActiveCfg = Debug|Any CPU
		{377FD858-F213-42DD-B2FE-62F5C553D945}.Debug|Any CPU.Build.0 = Debug|Any CPU
		{377FD858-F213-42DD-B2FE-62F5C553D945}.Release|Any CPU.ActiveCfg = Release|Any CPU
		{377FD858-F213-42DD-B2FE-62F5C553D945}.Release|Any CPU.Build.0 = Release|Any CPU
		{16778C27-06FF-485A-BA08-8FF716318E3E}.Debug|Any CPU.ActiveCfg = Debug|Any CPU
		{16778C27-06FF-485A-BA08-8FF716318E3E}.Debug|Any CPU.Build.0 = Debug|Any CPU
		{16778C27-06FF-485A-BA08-8FF716318E3E}.Release|Any CPU.ActiveCfg = Release|Any CPU
		{16778C27-06FF-485A-BA08-8FF716318E3E}.Release|Any CPU.Build.0 = Release|Any CPU
	EndGlobalSection
	GlobalSection(SolutionProperties) = preSolution
		HideSolutionNode = FALSE
	EndGlobalSection
	GlobalSection(ExtensibilityGlobals) = postSolution
		SolutionGuid = {3624D400-1432-4181-B207-EB2DF2F34C24}
	EndGlobalSection
EndGlobal
